// !$*UTF8*$!
{
	archiveVersion = 1;
	classes = {
	};
	objectVersion = 56;
	objects = {

/* Begin PBXBuildFile section */
		02BD78F52B2CB834003FF32E /* AppDelegate.swift in Sources */ = {isa = PBXBuildFile; fileRef = 02BD78F42B2CB834003FF32E /* AppDelegate.swift */; };
		02BD78F72B2CB834003FF32E /* SceneDelegate.swift in Sources */ = {isa = PBXBuildFile; fileRef = 02BD78F62B2CB834003FF32E /* SceneDelegate.swift */; };
		02BD78FE2B2CB83A003FF32E /* Assets.xcassets in Resources */ = {isa = PBXBuildFile; fileRef = 02BD78FD2B2CB83A003FF32E /* Assets.xcassets */; };
		02BD79012B2CB83A003FF32E /* LaunchScreen.storyboard in Resources */ = {isa = PBXBuildFile; fileRef = 02BD78FF2B2CB83A003FF32E /* LaunchScreen.storyboard */; };
		02BD790A2B2D768E003FF32E /* Coordinator.swift in Sources */ = {isa = PBXBuildFile; fileRef = 02BD79092B2D768E003FF32E /* Coordinator.swift */; };
		02BD790C2B2D77BC003FF32E /* BaceCoordinator.swift in Sources */ = {isa = PBXBuildFile; fileRef = 02BD790B2B2D77BC003FF32E /* BaceCoordinator.swift */; };
		02BD790E2B2D7887003FF32E /* AppCoordinator.swift in Sources */ = {isa = PBXBuildFile; fileRef = 02BD790D2B2D7887003FF32E /* AppCoordinator.swift */; };
		02BD79122B2D7E4F003FF32E /* HotelViewController.swift in Sources */ = {isa = PBXBuildFile; fileRef = 02BD79112B2D7E4F003FF32E /* HotelViewController.swift */; };
		02BD79142B2D7EC7003FF32E /* RoomsViewController.swift in Sources */ = {isa = PBXBuildFile; fileRef = 02BD79132B2D7EC7003FF32E /* RoomsViewController.swift */; };
		02BD79162B2D7F16003FF32E /* BookingViewController.swift in Sources */ = {isa = PBXBuildFile; fileRef = 02BD79152B2D7F16003FF32E /* BookingViewController.swift */; };
		02BD79182B2D7F99003FF32E /* PaidForViewController.swift in Sources */ = {isa = PBXBuildFile; fileRef = 02BD79172B2D7F99003FF32E /* PaidForViewController.swift */; };
		02BD791A2B2D819C003FF32E /* HotelViewControllerCoordinator.swift in Sources */ = {isa = PBXBuildFile; fileRef = 02BD79192B2D819C003FF32E /* HotelViewControllerCoordinator.swift */; };
		02BD791E2B2DD3F5003FF32E /* RoomsViewControllerCoordinator.swift in Sources */ = {isa = PBXBuildFile; fileRef = 02BD791D2B2DD3F5003FF32E /* RoomsViewControllerCoordinator.swift */; };
		02BD79202B2DD4AA003FF32E /* BookingViewControllerCoordinator.swift in Sources */ = {isa = PBXBuildFile; fileRef = 02BD791F2B2DD4AA003FF32E /* BookingViewControllerCoordinator.swift */; };
/* End PBXBuildFile section */

/* Begin PBXFileReference section */
		02BD78F12B2CB834003FF32E /* HotBuc.app */ = {isa = PBXFileReference; explicitFileType = wrapper.application; includeInIndex = 0; path = HotBuc.app; sourceTree = BUILT_PRODUCTS_DIR; };
		02BD78F42B2CB834003FF32E /* AppDelegate.swift */ = {isa = PBXFileReference; lastKnownFileType = sourcecode.swift; path = AppDelegate.swift; sourceTree = "<group>"; };
		02BD78F62B2CB834003FF32E /* SceneDelegate.swift */ = {isa = PBXFileReference; lastKnownFileType = sourcecode.swift; path = SceneDelegate.swift; sourceTree = "<group>"; };
		02BD78FD2B2CB83A003FF32E /* Assets.xcassets */ = {isa = PBXFileReference; lastKnownFileType = folder.assetcatalog; path = Assets.xcassets; sourceTree = "<group>"; };
		02BD79002B2CB83A003FF32E /* Base */ = {isa = PBXFileReference; lastKnownFileType = file.storyboard; name = Base; path = Base.lproj/LaunchScreen.storyboard; sourceTree = "<group>"; };
		02BD79022B2CB83A003FF32E /* Info.plist */ = {isa = PBXFileReference; lastKnownFileType = text.plist.xml; path = Info.plist; sourceTree = "<group>"; };
		02BD79092B2D768E003FF32E /* Coordinator.swift */ = {isa = PBXFileReference; lastKnownFileType = sourcecode.swift; path = Coordinator.swift; sourceTree = "<group>"; };
		02BD790B2B2D77BC003FF32E /* BaceCoordinator.swift */ = {isa = PBXFileReference; lastKnownFileType = sourcecode.swift; path = BaceCoordinator.swift; sourceTree = "<group>"; };
		02BD790D2B2D7887003FF32E /* AppCoordinator.swift */ = {isa = PBXFileReference; lastKnownFileType = sourcecode.swift; path = AppCoordinator.swift; sourceTree = "<group>"; };
		02BD79112B2D7E4F003FF32E /* HotelViewController.swift */ = {isa = PBXFileReference; lastKnownFileType = sourcecode.swift; path = HotelViewController.swift; sourceTree = "<group>"; };
		02BD79132B2D7EC7003FF32E /* RoomsViewController.swift */ = {isa = PBXFileReference; lastKnownFileType = sourcecode.swift; path = RoomsViewController.swift; sourceTree = "<group>"; };
		02BD79152B2D7F16003FF32E /* BookingViewController.swift */ = {isa = PBXFileReference; lastKnownFileType = sourcecode.swift; path = BookingViewController.swift; sourceTree = "<group>"; };
		02BD79172B2D7F99003FF32E /* PaidForViewController.swift */ = {isa = PBXFileReference; lastKnownFileType = sourcecode.swift; path = PaidForViewController.swift; sourceTree = "<group>"; };
		02BD79192B2D819C003FF32E /* HotelViewControllerCoordinator.swift */ = {isa = PBXFileReference; lastKnownFileType = sourcecode.swift; path = HotelViewControllerCoordinator.swift; sourceTree = "<group>"; };
		02BD791D2B2DD3F5003FF32E /* RoomsViewControllerCoordinator.swift */ = {isa = PBXFileReference; lastKnownFileType = sourcecode.swift; path = RoomsViewControllerCoordinator.swift; sourceTree = "<group>"; };
		02BD791F2B2DD4AA003FF32E /* BookingViewControllerCoordinator.swift */ = {isa = PBXFileReference; lastKnownFileType = sourcecode.swift; path = BookingViewControllerCoordinator.swift; sourceTree = "<group>"; };
/* End PBXFileReference section */

/* Begin PBXFrameworksBuildPhase section */
		02BD78EE2B2CB834003FF32E /* Frameworks */ = {
			isa = PBXFrameworksBuildPhase;
			buildActionMask = 2147483647;
			files = (
			);
			runOnlyForDeploymentPostprocessing = 0;
		};
/* End PBXFrameworksBuildPhase section */

/* Begin PBXGroup section */
		02BD78E82B2CB834003FF32E = {
			isa = PBXGroup;
			children = (
				02BD78F32B2CB834003FF32E /* HotBuc */,
				02BD78F22B2CB834003FF32E /* Products */,
			);
			sourceTree = "<group>";
		};
		02BD78F22B2CB834003FF32E /* Products */ = {
			isa = PBXGroup;
			children = (
				02BD78F12B2CB834003FF32E /* HotBuc.app */,
			);
			name = Products;
			sourceTree = "<group>";
		};
		02BD78F32B2CB834003FF32E /* HotBuc */ = {
			isa = PBXGroup;
			children = (
				02BD791C2B2D88FD003FF32E /* Application */,
				02BD79102B2D7E15003FF32E /* Models */,
				02BD790F2B2D79B8003FF32E /* Views */,
				02BD79082B2D7674003FF32E /* Coordinators */,
				02BD78FD2B2CB83A003FF32E /* Assets.xcassets */,
				02BD78FF2B2CB83A003FF32E /* LaunchScreen.storyboard */,
				02BD79022B2CB83A003FF32E /* Info.plist */,
			);
			path = HotBuc;
			sourceTree = "<group>";
		};
		02BD79082B2D7674003FF32E /* Coordinators */ = {
			isa = PBXGroup;
			children = (
				02BD791B2B2D8321003FF32E /* Protocols */,
				02BD790B2B2D77BC003FF32E /* BaceCoordinator.swift */,
				02BD790D2B2D7887003FF32E /* AppCoordinator.swift */,
				02BD79192B2D819C003FF32E /* HotelViewControllerCoordinator.swift */,
				02BD791D2B2DD3F5003FF32E /* RoomsViewControllerCoordinator.swift */,
				02BD791F2B2DD4AA003FF32E /* BookingViewControllerCoordinator.swift */,
			);
			path = Coordinators;
			sourceTree = "<group>";
		};
		02BD790F2B2D79B8003FF32E /* Views */ = {
			isa = PBXGroup;
			children = (
				02BD79112B2D7E4F003FF32E /* HotelViewController.swift */,
				02BD79132B2D7EC7003FF32E /* RoomsViewController.swift */,
				02BD79152B2D7F16003FF32E /* BookingViewController.swift */,
				02BD79172B2D7F99003FF32E /* PaidForViewController.swift */,
			);
			path = Views;
			sourceTree = "<group>";
		};
		02BD79102B2D7E15003FF32E /* Models */ = {
			isa = PBXGroup;
			children = (
			);
			path = Models;
			sourceTree = "<group>";
		};
		02BD791B2B2D8321003FF32E /* Protocols */ = {
			isa = PBXGroup;
			children = (
				02BD79092B2D768E003FF32E /* Coordinator.swift */,
			);
			path = Protocols;
			sourceTree = "<group>";
		};
		02BD791C2B2D88FD003FF32E /* Application */ = {
			isa = PBXGroup;
			children = (
				02BD78F42B2CB834003FF32E /* AppDelegate.swift */,
				02BD78F62B2CB834003FF32E /* SceneDelegate.swift */,
			);
			path = Application;
			sourceTree = "<group>";
		};
/* End PBXGroup section */

/* Begin PBXNativeTarget section */
		02BD78F02B2CB834003FF32E /* HotBuc */ = {
			isa = PBXNativeTarget;
			buildConfigurationList = 02BD79052B2CB83A003FF32E /* Build configuration list for PBXNativeTarget "HotBuc" */;
			buildPhases = (
				02BD78ED2B2CB834003FF32E /* Sources */,
				02BD78EE2B2CB834003FF32E /* Frameworks */,
				02BD78EF2B2CB834003FF32E /* Resources */,
			);
			buildRules = (
			);
			dependencies = (
			);
			name = HotBuc;
			productName = HotBuc;
			productReference = 02BD78F12B2CB834003FF32E /* HotBuc.app */;
			productType = "com.apple.product-type.application";
		};
/* End PBXNativeTarget section */

/* Begin PBXProject section */
		02BD78E92B2CB834003FF32E /* Project object */ = {
			isa = PBXProject;
			attributes = {
				BuildIndependentTargetsInParallel = 1;
				LastSwiftUpdateCheck = 1500;
				LastUpgradeCheck = 1500;
				TargetAttributes = {
					02BD78F02B2CB834003FF32E = {
						CreatedOnToolsVersion = 15.0.1;
					};
				};
			};
			buildConfigurationList = 02BD78EC2B2CB834003FF32E /* Build configuration list for PBXProject "HotBuc" */;
			compatibilityVersion = "Xcode 14.0";
			developmentRegion = en;
			hasScannedForEncodings = 0;
			knownRegions = (
				en,
				Base,
			);
			mainGroup = 02BD78E82B2CB834003FF32E;
			productRefGroup = 02BD78F22B2CB834003FF32E /* Products */;
			projectDirPath = "";
			projectRoot = "";
			targets = (
				02BD78F02B2CB834003FF32E /* HotBuc */,
			);
		};
/* End PBXProject section */

/* Begin PBXResourcesBuildPhase section */
		02BD78EF2B2CB834003FF32E /* Resources */ = {
			isa = PBXResourcesBuildPhase;
			buildActionMask = 2147483647;
			files = (
				02BD79012B2CB83A003FF32E /* LaunchScreen.storyboard in Resources */,
				02BD78FE2B2CB83A003FF32E /* Assets.xcassets in Resources */,
			);
			runOnlyForDeploymentPostprocessing = 0;
		};
/* End PBXResourcesBuildPhase section */

/* Begin PBXSourcesBuildPhase section */
		02BD78ED2B2CB834003FF32E /* Sources */ = {
			isa = PBXSourcesBuildPhase;
			buildActionMask = 2147483647;
			files = (
				02BD790E2B2D7887003FF32E /* AppCoordinator.swift in Sources */,
				02BD790A2B2D768E003FF32E /* Coordinator.swift in Sources */,
				02BD79122B2D7E4F003FF32E /* HotelViewController.swift in Sources */,
				02BD79142B2D7EC7003FF32E /* RoomsViewController.swift in Sources */,
				02BD79182B2D7F99003FF32E /* PaidForViewController.swift in Sources */,
				02BD79202B2DD4AA003FF32E /* BookingViewControllerCoordinator.swift in Sources */,
				02BD79162B2D7F16003FF32E /* BookingViewController.swift in Sources */,
				02BD791A2B2D819C003FF32E /* HotelViewControllerCoordinator.swift in Sources */,
				02BD78F52B2CB834003FF32E /* AppDelegate.swift in Sources */,
				02BD78F72B2CB834003FF32E /* SceneDelegate.swift in Sources */,
				02BD790C2B2D77BC003FF32E /* BaceCoordinator.swift in Sources */,
				02BD791E2B2DD3F5003FF32E /* RoomsViewControllerCoordinator.swift in Sources */,
			);
			runOnlyForDeploymentPostprocessing = 0;
		};
/* End PBXSourcesBuildPhase section */

/* Begin PBXVariantGroup section */
		02BD78FF2B2CB83A003FF32E /* LaunchScreen.storyboard */ = {
			isa = PBXVariantGroup;
			children = (
				02BD79002B2CB83A003FF32E /* Base */,
			);
			name = LaunchScreen.storyboard;
			sourceTree = "<group>";
		};
/* End PBXVariantGroup section */

/* Begin XCBuildConfiguration section */
		02BD79032B2CB83A003FF32E /* Debug */ = {
			isa = XCBuildConfiguration;
			buildSettings = {
				ALWAYS_SEARCH_USER_PATHS = NO;
				ASSETCATALOG_COMPILER_GENERATE_SWIFT_ASSET_SYMBOL_EXTENSIONS = YES;
				CLANG_ANALYZER_NONNULL = YES;
				CLANG_ANALYZER_NUMBER_OBJECT_CONVERSION = YES_AGGRESSIVE;
				CLANG_CXX_LANGUAGE_STANDARD = "gnu++20";
				CLANG_ENABLE_MODULES = YES;
				CLANG_ENABLE_OBJC_ARC = YES;
				CLANG_ENABLE_OBJC_WEAK = YES;
				CLANG_WARN_BLOCK_CAPTURE_AUTORELEASING = YES;
				CLANG_WARN_BOOL_CONVERSION = YES;
				CLANG_WARN_COMMA = YES;
				CLANG_WARN_CONSTANT_CONVERSION = YES;
				CLANG_WARN_DEPRECATED_OBJC_IMPLEMENTATIONS = YES;
				CLANG_WARN_DIRECT_OBJC_ISA_USAGE = YES_ERROR;
				CLANG_WARN_DOCUMENTATION_COMMENTS = YES;
				CLANG_WARN_EMPTY_BODY = YES;
				CLANG_WARN_ENUM_CONVERSION = YES;
				CLANG_WARN_INFINITE_RECURSION = YES;
				CLANG_WARN_INT_CONVERSION = YES;
				CLANG_WARN_NON_LITERAL_NULL_CONVERSION = YES;
				CLANG_WARN_OBJC_IMPLICIT_RETAIN_SELF = YES;
				CLANG_WARN_OBJC_LITERAL_CONVERSION = YES;
				CLANG_WARN_OBJC_ROOT_CLASS = YES_ERROR;
				CLANG_WARN_QUOTED_INCLUDE_IN_FRAMEWORK_HEADER = YES;
				CLANG_WARN_RANGE_LOOP_ANALYSIS = YES;
				CLANG_WARN_STRICT_PROTOTYPES = YES;
				CLANG_WARN_SUSPICIOUS_MOVE = YES;
				CLANG_WARN_UNGUARDED_AVAILABILITY = YES_AGGRESSIVE;
				CLANG_WARN_UNREACHABLE_CODE = YES;
				CLANG_WARN__DUPLICATE_METHOD_MATCH = YES;
				COPY_PHASE_STRIP = NO;
				DEBUG_INFORMATION_FORMAT = dwarf;
				ENABLE_STRICT_OBJC_MSGSEND = YES;
				ENABLE_TESTABILITY = YES;
				ENABLE_USER_SCRIPT_SANDBOXING = YES;
				GCC_C_LANGUAGE_STANDARD = gnu17;
				GCC_DYNAMIC_NO_PIC = NO;
				GCC_NO_COMMON_BLOCKS = YES;
				GCC_OPTIMIZATION_LEVEL = 0;
				GCC_PREPROCESSOR_DEFINITIONS = (
					"DEBUG=1",
					"$(inherited)",
				);
				GCC_WARN_64_TO_32_BIT_CONVERSION = YES;
				GCC_WARN_ABOUT_RETURN_TYPE = YES_ERROR;
				GCC_WARN_UNDECLARED_SELECTOR = YES;
				GCC_WARN_UNINITIALIZED_AUTOS = YES_AGGRESSIVE;
				GCC_WARN_UNUSED_FUNCTION = YES;
				GCC_WARN_UNUSED_VARIABLE = YES;
				IPHONEOS_DEPLOYMENT_TARGET = 17.0;
				LOCALIZATION_PREFERS_STRING_CATALOGS = YES;
				MTL_ENABLE_DEBUG_INFO = INCLUDE_SOURCE;
				MTL_FAST_MATH = YES;
				ONLY_ACTIVE_ARCH = YES;
				SDKROOT = iphoneos;
				SWIFT_ACTIVE_COMPILATION_CONDITIONS = "DEBUG $(inherited)";
				SWIFT_OPTIMIZATION_LEVEL = "-Onone";
			};
			name = Debug;
		};
		02BD79042B2CB83A003FF32E /* Release */ = {
			isa = XCBuildConfiguration;
			buildSettings = {
				ALWAYS_SEARCH_USER_PATHS = NO;
				ASSETCATALOG_COMPILER_GENERATE_SWIFT_ASSET_SYMBOL_EXTENSIONS = YES;
				CLANG_ANALYZER_NONNULL = YES;
				CLANG_ANALYZER_NUMBER_OBJECT_CONVERSION = YES_AGGRESSIVE;
				CLANG_CXX_LANGUAGE_STANDARD = "gnu++20";
				CLANG_ENABLE_MODULES = YES;
				CLANG_ENABLE_OBJC_ARC = YES;
				CLANG_ENABLE_OBJC_WEAK = YES;
				CLANG_WARN_BLOCK_CAPTURE_AUTORELEASING = YES;
				CLANG_WARN_BOOL_CONVERSION = YES;
				CLANG_WARN_COMMA = YES;
				CLANG_WARN_CONSTANT_CONVERSION = YES;
				CLANG_WARN_DEPRECATED_OBJC_IMPLEMENTATIONS = YES;
				CLANG_WARN_DIRECT_OBJC_ISA_USAGE = YES_ERROR;
				CLANG_WARN_DOCUMENTATION_COMMENTS = YES;
				CLANG_WARN_EMPTY_BODY = YES;
				CLANG_WARN_ENUM_CONVERSION = YES;
				CLANG_WARN_INFINITE_RECURSION = YES;
				CLANG_WARN_INT_CONVERSION = YES;
				CLANG_WARN_NON_LITERAL_NULL_CONVERSION = YES;
				CLANG_WARN_OBJC_IMPLICIT_RETAIN_SELF = YES;
				CLANG_WARN_OBJC_LITERAL_CONVERSION = YES;
				CLANG_WARN_OBJC_ROOT_CLASS = YES_ERROR;
				CLANG_WARN_QUOTED_INCLUDE_IN_FRAMEWORK_HEADER = YES;
				CLANG_WARN_RANGE_LOOP_ANALYSIS = YES;
				CLANG_WARN_STRICT_PROTOTYPES = YES;
				CLANG_WARN_SUSPICIOUS_MOVE = YES;
				CLANG_WARN_UNGUARDED_AVAILABILITY = YES_AGGRESSIVE;
				CLANG_WARN_UNREACHABLE_CODE = YES;
				CLANG_WARN__DUPLICATE_METHOD_MATCH = YES;
				COPY_PHASE_STRIP = NO;
				DEBUG_INFORMATION_FORMAT = "dwarf-with-dsym";
				ENABLE_NS_ASSERTIONS = NO;
				ENABLE_STRICT_OBJC_MSGSEND = YES;
				ENABLE_USER_SCRIPT_SANDBOXING = YES;
				GCC_C_LANGUAGE_STANDARD = gnu17;
				GCC_NO_COMMON_BLOCKS = YES;
				GCC_WARN_64_TO_32_BIT_CONVERSION = YES;
				GCC_WARN_ABOUT_RETURN_TYPE = YES_ERROR;
				GCC_WARN_UNDECLARED_SELECTOR = YES;
				GCC_WARN_UNINITIALIZED_AUTOS = YES_AGGRESSIVE;
				GCC_WARN_UNUSED_FUNCTION = YES;
				GCC_WARN_UNUSED_VARIABLE = YES;
				IPHONEOS_DEPLOYMENT_TARGET = 17.0;
				LOCALIZATION_PREFERS_STRING_CATALOGS = YES;
				MTL_ENABLE_DEBUG_INFO = NO;
				MTL_FAST_MATH = YES;
				SDKROOT = iphoneos;
				SWIFT_COMPILATION_MODE = wholemodule;
				VALIDATE_PRODUCT = YES;
			};
			name = Release;
		};
		02BD79062B2CB83A003FF32E /* Debug */ = {
			isa = XCBuildConfiguration;
			buildSettings = {
				ASSETCATALOG_COMPILER_APPICON_NAME = AppIcon;
				ASSETCATALOG_COMPILER_GLOBAL_ACCENT_COLOR_NAME = AccentColor;
				CODE_SIGN_STYLE = Automatic;
				CURRENT_PROJECT_VERSION = 1;
				DEVELOPMENT_TEAM = 5JV25W46G7;
				GENERATE_INFOPLIST_FILE = YES;
				INFOPLIST_FILE = HotBuc/Info.plist;
				INFOPLIST_KEY_UIApplicationSupportsIndirectInputEvents = YES;
				INFOPLIST_KEY_UILaunchStoryboardName = LaunchScreen;
				INFOPLIST_KEY_UISupportedInterfaceOrientations_iPad = "UIInterfaceOrientationPortrait UIInterfaceOrientationPortraitUpsideDown UIInterfaceOrientationLandscapeLeft UIInterfaceOrientationLandscapeRight";
				INFOPLIST_KEY_UISupportedInterfaceOrientations_iPhone = "UIInterfaceOrientationPortrait UIInterfaceOrientationLandscapeLeft UIInterfaceOrientationLandscapeRight";
				LD_RUNPATH_SEARCH_PATHS = (
					"$(inherited)",
					"@executable_path/Frameworks",
				);
				MARKETING_VERSION = 1.0;
				PRODUCT_BUNDLE_IDENTIFIER = InnaStepanova.HotBuc;
				PRODUCT_NAME = "$(TARGET_NAME)";
				SWIFT_EMIT_LOC_STRINGS = YES;
				SWIFT_VERSION = 5.0;
				TARGETED_DEVICE_FAMILY = "1,2";
			};
			name = Debug;
		};
		02BD79072B2CB83A003FF32E /* Release */ = {
			isa = XCBuildConfiguration;
			buildSettings = {
				ASSETCATALOG_COMPILER_APPICON_NAME = AppIcon;
				ASSETCATALOG_COMPILER_GLOBAL_ACCENT_COLOR_NAME = AccentColor;
				CODE_SIGN_STYLE = Automatic;
				CURRENT_PROJECT_VERSION = 1;
				DEVELOPMENT_TEAM = 5JV25W46G7;
				GENERATE_INFOPLIST_FILE = YES;
				INFOPLIST_FILE = HotBuc/Info.plist;
				INFOPLIST_KEY_UIApplicationSupportsIndirectInputEvents = YES;
				INFOPLIST_KEY_UILaunchStoryboardName = LaunchScreen;
				INFOPLIST_KEY_UISupportedInterfaceOrientations_iPad = "UIInterfaceOrientationPortrait UIInterfaceOrientationPortraitUpsideDown UIInterfaceOrientationLandscapeLeft UIInterfaceOrientationLandscapeRight";
				INFOPLIST_KEY_UISupportedInterfaceOrientations_iPhone = "UIInterfaceOrientationPortrait UIInterfaceOrientationLandscapeLeft UIInterfaceOrientationLandscapeRight";
				LD_RUNPATH_SEARCH_PATHS = (
					"$(inherited)",
					"@executable_path/Frameworks",
				);
				MARKETING_VERSION = 1.0;
				PRODUCT_BUNDLE_IDENTIFIER = InnaStepanova.HotBuc;
				PRODUCT_NAME = "$(TARGET_NAME)";
				SWIFT_EMIT_LOC_STRINGS = YES;
				SWIFT_VERSION = 5.0;
				TARGETED_DEVICE_FAMILY = "1,2";
			};
			name = Release;
		};
/* End XCBuildConfiguration section */

/* Begin XCConfigurationList section */
		02BD78EC2B2CB834003FF32E /* Build configuration list for PBXProject "HotBuc" */ = {
			isa = XCConfigurationList;
			buildConfigurations = (
				02BD79032B2CB83A003FF32E /* Debug */,
				02BD79042B2CB83A003FF32E /* Release */,
			);
			defaultConfigurationIsVisible = 0;
			defaultConfigurationName = Release;
		};
		02BD79052B2CB83A003FF32E /* Build configuration list for PBXNativeTarget "HotBuc" */ = {
			isa = XCConfigurationList;
			buildConfigurations = (
				02BD79062B2CB83A003FF32E /* Debug */,
				02BD79072B2CB83A003FF32E /* Release */,
			);
			defaultConfigurationIsVisible = 0;
			defaultConfigurationName = Release;
		};
/* End XCConfigurationList section */
	};
	rootObject = 02BD78E92B2CB834003FF32E /* Project object */;
}
